<?xml version="1.0" encoding="utf-8"?>
<Project ToolsVersion="4.0" xmlns="http://schemas.microsoft.com/developer/msbuild/2003">
  <ItemGroup>
    <Filter Include="Source Files">
      <UniqueIdentifier>{4FC737F1-C7A5-4376-A066-2A32D752A2FF}</UniqueIdentifier>
      <Extensions>cpp;c;cc;cxx;c++;cppm;ixx;def;odl;idl;hpj;bat;asm;asmx</Extensions>
    </Filter>
    <Filter Include="Header Files">
      <UniqueIdentifier>{93995380-89BD-4b04-88EB-625FBE52EBFB}</UniqueIdentifier>
      <Extensions>h;hh;hpp;hxx;h++;hm;inl;inc;ipp;xsd</Extensions>
    </Filter>
    <Filter Include="Resource Files">
      <UniqueIdentifier>{67DA6AB6-F800-4c08-8B7A-83BB121AAD01}</UniqueIdentifier>
      <Extensions>rc;ico;cur;bmp;dlg;rc2;rct;bin;rgs;gif;jpg;jpeg;jpe;resx;tiff;tif;png;wav;mfcribbon-ms</Extensions>
    </Filter>
    <Filter Include="Source Files\glad">
      <UniqueIdentifier>{74f94e06-aea4-40d9-941a-5ce9895afdd1}</UniqueIdentifier>
    </Filter>
    <Filter Include="Source Files\core">
      <UniqueIdentifier>{95ca59b4-b6eb-4f0a-a554-a37a57ed4ad5}</UniqueIdentifier>
    </Filter>
    <Filter Include="Source Files\core\misc">
      <UniqueIdentifier>{0a7f6ad1-ded3-4447-a6fa-4ccbe7970ad3}</UniqueIdentifier>
    </Filter>
    <Filter Include="Source Files\core\misc\console">
      <UniqueIdentifier>{fee70384-54fc-413b-bd33-89a286f8707a}</UniqueIdentifier>
    </Filter>
    <Filter Include="Source Files\core\objects">
      <UniqueIdentifier>{fdcfc6d2-cbc6-476c-919e-265271734206}</UniqueIdentifier>
    </Filter>
    <Filter Include="Source Files\glew">
      <UniqueIdentifier>{fae1546c-ad3d-43b7-8ab6-41c4495445ac}</UniqueIdentifier>
    </Filter>
    <Filter Include="Source Files\game">
      <UniqueIdentifier>{e9e71200-ce3d-43ed-aa03-7ad2a92d939c}</UniqueIdentifier>
    </Filter>
  </ItemGroup>
  <ItemGroup>
    <ClCompile Include="src\main.cpp">
      <Filter>Source Files</Filter>
    </ClCompile>
    <ClCompile Include="src\glad\glad.c">
      <Filter>Source Files\glad</Filter>
    </ClCompile>
    <ClCompile Include="src\core\core.cpp">
      <Filter>Source Files\core</Filter>
    </ClCompile>
    <ClCompile Include="src\core\misc\console\console.cpp">
      <Filter>Source Files\core\misc\console</Filter>
    </ClCompile>
    <ClCompile Include="src\core\objects\fonts.cpp">
      <Filter>Source Files\core\objects</Filter>
    </ClCompile>
    <ClCompile Include="src\glew\glew.c">
      <Filter>Source Files\glew</Filter>
    </ClCompile>
    <ClCompile Include="src\game\game.cpp">
      <Filter>Source Files\game</Filter>
    </ClCompile>
  </ItemGroup>
  <ItemGroup>
    <ClInclude Include="src\core\core.hpp">
      <Filter>Source Files\core</Filter>
    </ClInclude>
    <ClInclude Include="src\core\misc\console\console.h">
      <Filter>Source Files\core\misc\console</Filter>
    </ClInclude>
    <ClInclude Include="src\core\objects\fonts.hpp">
      <Filter>Source Files\core\objects</Filter>
    </ClInclude>
    <ClInclude Include="src\game\game.hpp">
      <Filter>Source Files\game</Filter>
    </ClInclude>
  </ItemGroup>
</Project>