// !$*UTF8*$!
{
	archiveVersion = 1;
	classes = {
	};
	objectVersion = 55;
	objects = {

/* Begin PBXBuildFile section */
		8E5A11B2282E0D1400CB0E8C /* main.cpp in Sources */ = {isa = PBXBuildFile; fileRef = 8E5A11B1282E0D1400CB0E8C /* main.cpp */; };
		8EA6654F282E0E4D00E12605 /* console.cpp in Sources */ = {isa = PBXBuildFile; fileRef = 8EA6654E282E0E4D00E12605 /* console.cpp */; };
		8EA66553282E0F9800E12605 /* SDL2.framework in Frameworks */ = {isa = PBXBuildFile; fileRef = 8EA66552282E0F9800E12605 /* SDL2.framework */; };
		8EA66554282E117000E12605 /* glad.c in Sources */ = {isa = PBXBuildFile; fileRef = 8EA66549282E0DC800E12605 /* glad.c */; };
		8EA66557282E12B200E12605 /* AppKit.framework in Frameworks */ = {isa = PBXBuildFile; fileRef = 8EA66556282E12B200E12605 /* AppKit.framework */; };
		8EA66559282E12C200E12605 /* IOKit.framework in Frameworks */ = {isa = PBXBuildFile; fileRef = 8EA66558282E12C200E12605 /* IOKit.framework */; };
		8EA6655B282E12CD00E12605 /* CoreFoundation.framework in Frameworks */ = {isa = PBXBuildFile; fileRef = 8EA6655A282E12CD00E12605 /* CoreFoundation.framework */; };
		8EA6655D282E12D500E12605 /* Foundation.framework in Frameworks */ = {isa = PBXBuildFile; fileRef = 8EA6655C282E12D500E12605 /* Foundation.framework */; };
		8EA6655F282E12E300E12605 /* CoreGraphics.framework in Frameworks */ = {isa = PBXBuildFile; fileRef = 8EA6655E282E12E300E12605 /* CoreGraphics.framework */; };
/* End PBXBuildFile section */

/* Begin PBXCopyFilesBuildPhase section */
		8E5A11AC282E0D1400CB0E8C /* CopyFiles */ = {
			isa = PBXCopyFilesBuildPhase;
			buildActionMask = 2147483647;
			dstPath = /usr/share/man/man1/;
			dstSubfolderSpec = 0;
			files = (
			);
			runOnlyForDeploymentPostprocessing = 1;
		};
/* End PBXCopyFilesBuildPhase section */

/* Begin PBXFileReference section */
		8E5A11AE282E0D1400CB0E8C /* Incogine */ = {isa = PBXFileReference; explicitFileType = "compiled.mach-o.executable"; includeInIndex = 0; path = Incogine; sourceTree = BUILT_PRODUCTS_DIR; };
		8E5A11B1282E0D1400CB0E8C /* main.cpp */ = {isa = PBXFileReference; lastKnownFileType = sourcecode.cpp.cpp; path = main.cpp; sourceTree = "<group>"; };
		8EA66549282E0DC800E12605 /* glad.c */ = {isa = PBXFileReference; lastKnownFileType = sourcecode.c.c; path = glad.c; sourceTree = "<group>"; };
		8EA6654D282E0E4D00E12605 /* console.h */ = {isa = PBXFileReference; fileEncoding = 4; lastKnownFileType = sourcecode.c.h; path = console.h; sourceTree = "<group>"; };
		8EA6654E282E0E4D00E12605 /* console.cpp */ = {isa = PBXFileReference; fileEncoding = 4; lastKnownFileType = sourcecode.cpp.cpp; path = console.cpp; sourceTree = "<group>"; };
		8EA66550282E0F2300E12605 /* Info.plist */ = {isa = PBXFileReference; lastKnownFileType = text.plist.xml; path = Info.plist; sourceTree = "<group>"; };
		8EA66552282E0F9800E12605 /* SDL2.framework */ = {isa = PBXFileReference; lastKnownFileType = wrapper.framework; name = SDL2.framework; path = ../../../../../Library/Frameworks/SDL2.framework; sourceTree = "<group>"; };
		8EA66555282E124700E12605 /* Incogine.entitlements */ = {isa = PBXFileReference; lastKnownFileType = text.plist.entitlements; path = Incogine.entitlements; sourceTree = "<group>"; };
		8EA66556282E12B200E12605 /* AppKit.framework */ = {isa = PBXFileReference; lastKnownFileType = wrapper.framework; name = AppKit.framework; path = System/Library/Frameworks/AppKit.framework; sourceTree = SDKROOT; };
		8EA66558282E12C200E12605 /* IOKit.framework */ = {isa = PBXFileReference; lastKnownFileType = wrapper.framework; name = IOKit.framework; path = System/Library/Frameworks/IOKit.framework; sourceTree = SDKROOT; };
		8EA6655A282E12CD00E12605 /* CoreFoundation.framework */ = {isa = PBXFileReference; lastKnownFileType = wrapper.framework; name = CoreFoundation.framework; path = System/Library/Frameworks/CoreFoundation.framework; sourceTree = SDKROOT; };
		8EA6655C282E12D500E12605 /* Foundation.framework */ = {isa = PBXFileReference; lastKnownFileType = wrapper.framework; name = Foundation.framework; path = System/Library/Frameworks/Foundation.framework; sourceTree = SDKROOT; };
		8EA6655E282E12E300E12605 /* CoreGraphics.framework */ = {isa = PBXFileReference; lastKnownFileType = wrapper.framework; name = CoreGraphics.framework; path = System/Library/Frameworks/CoreGraphics.framework; sourceTree = SDKROOT; };
/* End PBXFileReference section */

/* Begin PBXFrameworksBuildPhase section */
		8E5A11AB282E0D1400CB0E8C /* Frameworks */ = {
			isa = PBXFrameworksBuildPhase;
			buildActionMask = 2147483647;
			files = (
				8EA6655F282E12E300E12605 /* CoreGraphics.framework in Frameworks */,
				8EA6655D282E12D500E12605 /* Foundation.framework in Frameworks */,
				8EA6655B282E12CD00E12605 /* CoreFoundation.framework in Frameworks */,
				8EA66559282E12C200E12605 /* IOKit.framework in Frameworks */,
				8EA66557282E12B200E12605 /* AppKit.framework in Frameworks */,
				8EA66553282E0F9800E12605 /* SDL2.framework in Frameworks */,
			);
			runOnlyForDeploymentPostprocessing = 0;
		};
/* End PBXFrameworksBuildPhase section */

/* Begin PBXGroup section */
		8E5A11A5282E0D1400CB0E8C = {
			isa = PBXGroup;
			children = (
				8EA66555282E124700E12605 /* Incogine.entitlements */,
				8EA66550282E0F2300E12605 /* Info.plist */,
				8EA66541282E0D6600E12605 /* src */,
				8E5A11AF282E0D1400CB0E8C /* Products */,
				8EA66551282E0F9800E12605 /* Frameworks */,
			);
			sourceTree = "<group>";
		};
		8E5A11AF282E0D1400CB0E8C /* Products */ = {
			isa = PBXGroup;
			children = (
				8E5A11AE282E0D1400CB0E8C /* Incogine */,
			);
			name = Products;
			sourceTree = "<group>";
		};
		8EA66541282E0D6600E12605 /* src */ = {
			isa = PBXGroup;
			children = (
				8EA66548282E0DC800E12605 /* glad */,
				8EA66542282E0D8E00E12605 /* misc */,
				8E5A11B1282E0D1400CB0E8C /* main.cpp */,
			);
			path = src;
			sourceTree = "<group>";
		};
		8EA66542282E0D8E00E12605 /* misc */ = {
			isa = PBXGroup;
			children = (
				8EA66543282E0D9600E12605 /* console */,
			);
			path = misc;
			sourceTree = "<group>";
		};
		8EA66543282E0D9600E12605 /* console */ = {
			isa = PBXGroup;
			children = (
				8EA6654E282E0E4D00E12605 /* console.cpp */,
				8EA6654D282E0E4D00E12605 /* console.h */,
			);
			path = console;
			sourceTree = "<group>";
		};
		8EA66548282E0DC800E12605 /* glad */ = {
			isa = PBXGroup;
			children = (
				8EA66549282E0DC800E12605 /* glad.c */,
			);
			path = glad;
			sourceTree = "<group>";
		};
		8EA66551282E0F9800E12605 /* Frameworks */ = {
			isa = PBXGroup;
			children = (
				8EA6655E282E12E300E12605 /* CoreGraphics.framework */,
				8EA6655C282E12D500E12605 /* Foundation.framework */,
				8EA6655A282E12CD00E12605 /* CoreFoundation.framework */,
				8EA66558282E12C200E12605 /* IOKit.framework */,
				8EA66556282E12B200E12605 /* AppKit.framework */,
				8EA66552282E0F9800E12605 /* SDL2.framework */,
			);
			name = Frameworks;
			sourceTree = "<group>";
		};
/* End PBXGroup section */

/* Begin PBXNativeTarget section */
		8E5A11AD282E0D1400CB0E8C /* Incogine */ = {
			isa = PBXNativeTarget;
			buildConfigurationList = 8E5A11B5282E0D1400CB0E8C /* Build configuration list for PBXNativeTarget "Incogine" */;
			buildPhases = (
				8E5A11AA282E0D1400CB0E8C /* Sources */,
				8E5A11AB282E0D1400CB0E8C /* Frameworks */,
				8E5A11AC282E0D1400CB0E8C /* CopyFiles */,
			);
			buildRules = (
			);
			dependencies = (
			);
			name = Incogine;
			productName = Incogine;
			productReference = 8E5A11AE282E0D1400CB0E8C /* Incogine */;
			productType = "com.apple.product-type.tool";
		};
/* End PBXNativeTarget section */

/* Begin PBXProject section */
		8E5A11A6282E0D1400CB0E8C /* Project object */ = {
			isa = PBXProject;
			attributes = {
				BuildIndependentTargetsInParallel = 1;
				LastUpgradeCheck = 1330;
				TargetAttributes = {
					8E5A11AD282E0D1400CB0E8C = {
						CreatedOnToolsVersion = 13.3.1;
					};
				};
			};
			buildConfigurationList = 8E5A11A9282E0D1400CB0E8C /* Build configuration list for PBXProject "Incogine" */;
			compatibilityVersion = "Xcode 13.0";
			developmentRegion = en;
			hasScannedForEncodings = 0;
			knownRegions = (
				en,
				Base,
			);
			mainGroup = 8E5A11A5282E0D1400CB0E8C;
			productRefGroup = 8E5A11AF282E0D1400CB0E8C /* Products */;
			projectDirPath = "";
			projectRoot = "";
			targets = (
				8E5A11AD282E0D1400CB0E8C /* Incogine */,
			);
		};
/* End PBXProject section */

/* Begin PBXSourcesBuildPhase section */
		8E5A11AA282E0D1400CB0E8C /* Sources */ = {
			isa = PBXSourcesBuildPhase;
			buildActionMask = 2147483647;
			files = (
				8E5A11B2282E0D1400CB0E8C /* main.cpp in Sources */,
				8EA6654F282E0E4D00E12605 /* console.cpp in Sources */,
				8EA66554282E117000E12605 /* glad.c in Sources */,
			);
			runOnlyForDeploymentPostprocessing = 0;
		};
/* End PBXSourcesBuildPhase section */

/* Begin XCBuildConfiguration section */
		8E5A11B3282E0D1400CB0E8C /* Debug */ = {
			isa = XCBuildConfiguration;
			buildSettings = {
				ALWAYS_SEARCH_USER_PATHS = NO;
				CLANG_ANALYZER_NONNULL = YES;
				CLANG_ANALYZER_NUMBER_OBJECT_CONVERSION = YES_AGGRESSIVE;
				CLANG_CXX_LANGUAGE_STANDARD = "gnu++17";
				CLANG_ENABLE_MODULES = YES;
				CLANG_ENABLE_OBJC_ARC = YES;
				CLANG_ENABLE_OBJC_WEAK = YES;
				CLANG_WARN_BLOCK_CAPTURE_AUTORELEASING = YES;
				CLANG_WARN_BOOL_CONVERSION = YES;
				CLANG_WARN_COMMA = YES;
				CLANG_WARN_CONSTANT_CONVERSION = YES;
				CLANG_WARN_DEPRECATED_OBJC_IMPLEMENTATIONS = YES;
				CLANG_WARN_DIRECT_OBJC_ISA_USAGE = YES_ERROR;
				CLANG_WARN_DOCUMENTATION_COMMENTS = YES;
				CLANG_WARN_EMPTY_BODY = YES;
				CLANG_WARN_ENUM_CONVERSION = YES;
				CLANG_WARN_INFINITE_RECURSION = YES;
				CLANG_WARN_INT_CONVERSION = YES;
				CLANG_WARN_NON_LITERAL_NULL_CONVERSION = YES;
				CLANG_WARN_OBJC_IMPLICIT_RETAIN_SELF = YES;
				CLANG_WARN_OBJC_LITERAL_CONVERSION = YES;
				CLANG_WARN_OBJC_ROOT_CLASS = YES_ERROR;
				CLANG_WARN_QUOTED_INCLUDE_IN_FRAMEWORK_HEADER = YES;
				CLANG_WARN_RANGE_LOOP_ANALYSIS = YES;
				CLANG_WARN_STRICT_PROTOTYPES = YES;
				CLANG_WARN_SUSPICIOUS_MOVE = YES;
				CLANG_WARN_UNGUARDED_AVAILABILITY = YES_AGGRESSIVE;
				CLANG_WARN_UNREACHABLE_CODE = YES;
				CLANG_WARN__DUPLICATE_METHOD_MATCH = YES;
				COPY_PHASE_STRIP = NO;
				DEBUG_INFORMATION_FORMAT = dwarf;
				ENABLE_STRICT_OBJC_MSGSEND = YES;
				ENABLE_TESTABILITY = YES;
				GCC_C_LANGUAGE_STANDARD = gnu11;
				GCC_DYNAMIC_NO_PIC = NO;
				GCC_NO_COMMON_BLOCKS = YES;
				GCC_OPTIMIZATION_LEVEL = 0;
				GCC_PREPROCESSOR_DEFINITIONS = (
					"DEBUG=1",
					"$(inherited)",
				);
				GCC_WARN_64_TO_32_BIT_CONVERSION = YES;
				GCC_WARN_ABOUT_RETURN_TYPE = YES_ERROR;
				GCC_WARN_UNDECLARED_SELECTOR = YES;
				GCC_WARN_UNINITIALIZED_AUTOS = YES_AGGRESSIVE;
				GCC_WARN_UNUSED_FUNCTION = YES;
				GCC_WARN_UNUSED_VARIABLE = YES;
				MACOSX_DEPLOYMENT_TARGET = 12.3;
				MTL_ENABLE_DEBUG_INFO = INCLUDE_SOURCE;
				MTL_FAST_MATH = YES;
				ONLY_ACTIVE_ARCH = YES;
				SDKROOT = macosx;
			};
			name = Debug;
		};
		8E5A11B4282E0D1400CB0E8C /* Release */ = {
			isa = XCBuildConfiguration;
			buildSettings = {
				ALWAYS_SEARCH_USER_PATHS = NO;
				CLANG_ANALYZER_NONNULL = YES;
				CLANG_ANALYZER_NUMBER_OBJECT_CONVERSION = YES_AGGRESSIVE;
				CLANG_CXX_LANGUAGE_STANDARD = "gnu++17";
				CLANG_ENABLE_MODULES = YES;
				CLANG_ENABLE_OBJC_ARC = YES;
				CLANG_ENABLE_OBJC_WEAK = YES;
				CLANG_WARN_BLOCK_CAPTURE_AUTORELEASING = YES;
				CLANG_WARN_BOOL_CONVERSION = YES;
				CLANG_WARN_COMMA = YES;
				CLANG_WARN_CONSTANT_CONVERSION = YES;
				CLANG_WARN_DEPRECATED_OBJC_IMPLEMENTATIONS = YES;
				CLANG_WARN_DIRECT_OBJC_ISA_USAGE = YES_ERROR;
				CLANG_WARN_DOCUMENTATION_COMMENTS = YES;
				CLANG_WARN_EMPTY_BODY = YES;
				CLANG_WARN_ENUM_CONVERSION = YES;
				CLANG_WARN_INFINITE_RECURSION = YES;
				CLANG_WARN_INT_CONVERSION = YES;
				CLANG_WARN_NON_LITERAL_NULL_CONVERSION = YES;
				CLANG_WARN_OBJC_IMPLICIT_RETAIN_SELF = YES;
				CLANG_WARN_OBJC_LITERAL_CONVERSION = YES;
				CLANG_WARN_OBJC_ROOT_CLASS = YES_ERROR;
				CLANG_WARN_QUOTED_INCLUDE_IN_FRAMEWORK_HEADER = YES;
				CLANG_WARN_RANGE_LOOP_ANALYSIS = YES;
				CLANG_WARN_STRICT_PROTOTYPES = YES;
				CLANG_WARN_SUSPICIOUS_MOVE = YES;
				CLANG_WARN_UNGUARDED_AVAILABILITY = YES_AGGRESSIVE;
				CLANG_WARN_UNREACHABLE_CODE = YES;
				CLANG_WARN__DUPLICATE_METHOD_MATCH = YES;
				COPY_PHASE_STRIP = NO;
				DEBUG_INFORMATION_FORMAT = "dwarf-with-dsym";
				ENABLE_NS_ASSERTIONS = NO;
				ENABLE_STRICT_OBJC_MSGSEND = YES;
				GCC_C_LANGUAGE_STANDARD = gnu11;
				GCC_NO_COMMON_BLOCKS = YES;
				GCC_WARN_64_TO_32_BIT_CONVERSION = YES;
				GCC_WARN_ABOUT_RETURN_TYPE = YES_ERROR;
				GCC_WARN_UNDECLARED_SELECTOR = YES;
				GCC_WARN_UNINITIALIZED_AUTOS = YES_AGGRESSIVE;
				GCC_WARN_UNUSED_FUNCTION = YES;
				GCC_WARN_UNUSED_VARIABLE = YES;
				MACOSX_DEPLOYMENT_TARGET = 12.3;
				MTL_ENABLE_DEBUG_INFO = NO;
				MTL_FAST_MATH = YES;
				SDKROOT = macosx;
			};
			name = Release;
		};
		8E5A11B6282E0D1400CB0E8C /* Debug */ = {
			isa = XCBuildConfiguration;
			buildSettings = {
				CODE_SIGN_ENTITLEMENTS = Incogine.entitlements;
				CODE_SIGN_STYLE = Automatic;
				CURRENT_PROJECT_VERSION = 1;
				DEVELOPMENT_TEAM = XDJ8UH9GD4;
				ENABLE_HARDENED_RUNTIME = YES;
				FRAMEWORK_SEARCH_PATHS = (
					"$(inherited)",
					"$(LOCAL_LIBRARY_DIR)/Frameworks",
				);
				HEADER_SEARCH_PATHS = "$(PROJECT_DIR)/reqs/include";
				INFOPLIST_FILE = "$(SRCROOT)/Info.plist";
				LIBRARY_SEARCH_PATHS = "$(PROJECT_DIR)/reqs/lib";
				MARKETING_VERSION = 0.0.1;
				PRODUCT_BUNDLE_IDENTIFIER = com.leafstudiosdot.incogine;
				PRODUCT_NAME = "$(TARGET_NAME)";
			};
			name = Debug;
		};
		8E5A11B7282E0D1400CB0E8C /* Release */ = {
			isa = XCBuildConfiguration;
			buildSettings = {
				CODE_SIGN_ENTITLEMENTS = Incogine.entitlements;
				CODE_SIGN_STYLE = Automatic;
				CURRENT_PROJECT_VERSION = 1;
				DEVELOPMENT_TEAM = XDJ8UH9GD4;
				ENABLE_HARDENED_RUNTIME = YES;
				FRAMEWORK_SEARCH_PATHS = (
					"$(inherited)",
					"$(LOCAL_LIBRARY_DIR)/Frameworks",
				);
				HEADER_SEARCH_PATHS = "$(PROJECT_DIR)/reqs/include";
				INFOPLIST_FILE = "$(SRCROOT)/Info.plist";
				LIBRARY_SEARCH_PATHS = "$(PROJECT_DIR)/reqs/lib";
				MARKETING_VERSION = 0.0.1;
				PRODUCT_BUNDLE_IDENTIFIER = com.leafstudiosdot.incogine;
				PRODUCT_NAME = "$(TARGET_NAME)";
			};
			name = Release;
		};
/* End XCBuildConfiguration section */

/* Begin XCConfigurationList section */
		8E5A11A9282E0D1400CB0E8C /* Build configuration list for PBXProject "Incogine" */ = {
			isa = XCConfigurationList;
			buildConfigurations = (
				8E5A11B3282E0D1400CB0E8C /* Debug */,
				8E5A11B4282E0D1400CB0E8C /* Release */,
			);
			defaultConfigurationIsVisible = 0;
			defaultConfigurationName = Release;
		};
		8E5A11B5282E0D1400CB0E8C /* Build configuration list for PBXNativeTarget "Incogine" */ = {
			isa = XCConfigurationList;
			buildConfigurations = (
				8E5A11B6282E0D1400CB0E8C /* Debug */,
				8E5A11B7282E0D1400CB0E8C /* Release */,
			);
			defaultConfigurationIsVisible = 0;
			defaultConfigurationName = Release;
		};
/* End XCConfigurationList section */
	};
	rootObject = 8E5A11A6282E0D1400CB0E8C /* Project object */;
}
